
Microsoft Visual Studio Solution File, Format Version 12.00
# Visual Studio Version 17
VisualStudioVersion = 17.1.32421.90
MinimumVisualStudioVersion = 10.0.40219.1
Project("{FAE04EC0-301F-11D3-BF4B-00C04F79EFBC}") = "AntiNuke", "AntiNuke\AntiNuke.csproj", "{D21B07FF-9B30-4E7D-A13B-6EF3DD6BA8F2}"
EndProject
Global
	GlobalSection(SolutionConfigurationPlatforms) = preSolution
		Debug|Any CPU = Debug|Any CPU
		Release|Any CPU = Release|Any CPU
	EndGlobalSection
	GlobalSection(ProjectConfigurationPlatforms) = postSolution
		{D21B07FF-9B30-4E7D-A13B-6EF3DD6BA8F2}.Debug|Any CPU.ActiveCfg = Debug|Any CPU
		{D21B07FF-9B30-4E7D-A13B-6EF3DD6BA8F2}.Debug|Any CPU.Build.0 = Debug|Any CPU
		{D21B07FF-9B30-4E7D-A13B-6EF3DD6BA8F2}.Release|Any CPU.ActiveCfg = Release|Any CPU
		{D21B07FF-9B30-4E7D-A13B-6EF3DD6BA8F2}.Release|Any CPU.Build.0 = Release|Any CPU
	EndGlobalSection
	GlobalSection(SolutionProperties) = preSolution
		HideSolutionNode = FALSE
	EndGlobalSection
	GlobalSection(ExtensibilityGlobals) = postSolution
		SolutionGuid = {0F107662-CCFB-43F1-AC5A-C00D20097779}
	EndGlobalSection
EndGlobal
